
Microsoft Visual Studio Solution File, Format Version 12.00
# Visual Studio Version 17
VisualStudioVersion = 17.11.35219.272
MinimumVisualStudioVersion = 10.0.40219.1
Project("{FAE04EC0-301F-11D3-BF4B-00C04F79EFBC}") = "SimpleBankApp", "SimpleBankApp\SimpleBankApp.csproj", "{064F567A-2F1F-452E-994F-B8CAD8DDC56C}"
EndProject
Global
	GlobalSection(SolutionConfigurationPlatforms) = preSolution
		Debug|Any CPU = Debug|Any CPU
		Release|Any CPU = Release|Any CPU
	EndGlobalSection
	GlobalSection(ProjectConfigurationPlatforms) = postSolution
		{064F567A-2F1F-452E-994F-B8CAD8DDC56C}.Debug|Any CPU.ActiveCfg = Debug|Any CPU
		{064F567A-2F1F-452E-994F-B8CAD8DDC56C}.Debug|Any CPU.Build.0 = Debug|Any CPU
		{064F567A-2F1F-452E-994F-B8CAD8DDC56C}.Release|Any CPU.ActiveCfg = Release|Any CPU
		{064F567A-2F1F-452E-994F-B8CAD8DDC56C}.Release|Any CPU.Build.0 = Release|Any CPU
	EndGlobalSection
	GlobalSection(SolutionProperties) = preSolution
		HideSolutionNode = FALSE
	EndGlobalSection
	GlobalSection(ExtensibilityGlobals) = postSolution
		SolutionGuid = {3056E327-44A5-458D-92A1-2875D36B28C9}
	EndGlobalSection
EndGlobal
